// !$*UTF8*$!
{
	archiveVersion = 1;
	classes = {
	};
	objectVersion = 50;
	objects = {

/* Begin PBXBuildFile section */
		9860BA2E21EE9540008E57E5 /* AppDelegate.swift in Sources */ = {isa = PBXBuildFile; fileRef = 9860BA2D21EE9540008E57E5 /* AppDelegate.swift */; };
		9860BA3021EE9540008E57E5 /* Onboarding1.swift in Sources */ = {isa = PBXBuildFile; fileRef = 9860BA2F21EE9540008E57E5 /* Onboarding1.swift */; };
		9860BA3321EE9540008E57E5 /* Main.storyboard in Resources */ = {isa = PBXBuildFile; fileRef = 9860BA3121EE9540008E57E5 /* Main.storyboard */; };
		9860BA3621EE9540008E57E5 /* FoodViewz.xcdatamodeld in Sources */ = {isa = PBXBuildFile; fileRef = 9860BA3421EE9540008E57E5 /* FoodViewz.xcdatamodeld */; };
		9860BA3821EE9541008E57E5 /* Assets.xcassets in Resources */ = {isa = PBXBuildFile; fileRef = 9860BA3721EE9541008E57E5 /* Assets.xcassets */; };
		9860BA3B21EE9541008E57E5 /* LaunchScreen.storyboard in Resources */ = {isa = PBXBuildFile; fileRef = 9860BA3921EE9541008E57E5 /* LaunchScreen.storyboard */; };
		9860BA4521EEA411008E57E5 /* CAGradientLayer+Convenience.swift in Sources */ = {isa = PBXBuildFile; fileRef = 9860BA4421EEA411008E57E5 /* CAGradientLayer+Convenience.swift */; };
		9860BA4A21EEA75B008E57E5 /* Onboarding2.swift in Sources */ = {isa = PBXBuildFile; fileRef = 9860BA4921EEA75B008E57E5 /* Onboarding2.swift */; };
		9860BA4E21EEB988008E57E5 /* Segue.swift in Sources */ = {isa = PBXBuildFile; fileRef = 9860BA4D21EEB988008E57E5 /* Segue.swift */; };
		9860BA5021EEC41B008E57E5 /* Onboarding3.swift in Sources */ = {isa = PBXBuildFile; fileRef = 9860BA4F21EEC41B008E57E5 /* Onboarding3.swift */; };
		98E8626A21EFB7BA00D0E31D /* LoginScreen.swift in Sources */ = {isa = PBXBuildFile; fileRef = 98E8626921EFB7BA00D0E31D /* LoginScreen.swift */; };
		98E8626C21EFCCAB00D0E31D /* SignUpScreen.swift in Sources */ = {isa = PBXBuildFile; fileRef = 98E8626B21EFCCAB00D0E31D /* SignUpScreen.swift */; };
		98E8626E21EFD0BA00D0E31D /* Body.storyboard in Resources */ = {isa = PBXBuildFile; fileRef = 98E8626D21EFD0BA00D0E31D /* Body.storyboard */; };
		98E8627021EFD8A900D0E31D /* GoogleService-Info.plist in Resources */ = {isa = PBXBuildFile; fileRef = 98E8626F21EFD8A900D0E31D /* GoogleService-Info.plist */; };
/* End PBXBuildFile section */

/* Begin PBXFileReference section */
		9860BA2A21EE9540008E57E5 /* FoodViewz.app */ = {isa = PBXFileReference; explicitFileType = wrapper.application; includeInIndex = 0; path = FoodViewz.app; sourceTree = BUILT_PRODUCTS_DIR; };
		9860BA2D21EE9540008E57E5 /* AppDelegate.swift */ = {isa = PBXFileReference; lastKnownFileType = sourcecode.swift; path = AppDelegate.swift; sourceTree = "<group>"; };
		9860BA2F21EE9540008E57E5 /* Onboarding1.swift */ = {isa = PBXFileReference; lastKnownFileType = sourcecode.swift; path = Onboarding1.swift; sourceTree = "<group>"; };
		9860BA3221EE9540008E57E5 /* Base */ = {isa = PBXFileReference; lastKnownFileType = file.storyboard; name = Base; path = Base.lproj/Main.storyboard; sourceTree = "<group>"; };
		9860BA3521EE9540008E57E5 /* FoodViewz.xcdatamodel */ = {isa = PBXFileReference; lastKnownFileType = wrapper.xcdatamodel; path = FoodViewz.xcdatamodel; sourceTree = "<group>"; };
		9860BA3721EE9541008E57E5 /* Assets.xcassets */ = {isa = PBXFileReference; lastKnownFileType = folder.assetcatalog; path = Assets.xcassets; sourceTree = "<group>"; };
		9860BA3A21EE9541008E57E5 /* Base */ = {isa = PBXFileReference; lastKnownFileType = file.storyboard; name = Base; path = Base.lproj/LaunchScreen.storyboard; sourceTree = "<group>"; };
		9860BA3C21EE9541008E57E5 /* Info.plist */ = {isa = PBXFileReference; lastKnownFileType = text.plist.xml; path = Info.plist; sourceTree = "<group>"; };
		9860BA4421EEA411008E57E5 /* CAGradientLayer+Convenience.swift */ = {isa = PBXFileReference; lastKnownFileType = sourcecode.swift; path = "CAGradientLayer+Convenience.swift"; sourceTree = "<group>"; };
		9860BA4921EEA75B008E57E5 /* Onboarding2.swift */ = {isa = PBXFileReference; lastKnownFileType = sourcecode.swift; path = Onboarding2.swift; sourceTree = "<group>"; };
		9860BA4D21EEB988008E57E5 /* Segue.swift */ = {isa = PBXFileReference; lastKnownFileType = sourcecode.swift; path = Segue.swift; sourceTree = "<group>"; };
		9860BA4F21EEC41B008E57E5 /* Onboarding3.swift */ = {isa = PBXFileReference; lastKnownFileType = sourcecode.swift; path = Onboarding3.swift; sourceTree = "<group>"; };
		98E8626921EFB7BA00D0E31D /* LoginScreen.swift */ = {isa = PBXFileReference; lastKnownFileType = sourcecode.swift; path = LoginScreen.swift; sourceTree = "<group>"; };
		98E8626B21EFCCAB00D0E31D /* SignUpScreen.swift */ = {isa = PBXFileReference; lastKnownFileType = sourcecode.swift; path = SignUpScreen.swift; sourceTree = "<group>"; };
		98E8626D21EFD0BA00D0E31D /* Body.storyboard */ = {isa = PBXFileReference; lastKnownFileType = file.storyboard; path = Body.storyboard; sourceTree = "<group>"; };
		98E8626F21EFD8A900D0E31D /* GoogleService-Info.plist */ = {isa = PBXFileReference; fileEncoding = 4; lastKnownFileType = text.plist.xml; path = "GoogleService-Info.plist"; sourceTree = "<group>"; };
/* End PBXFileReference section */

/* Begin PBXFrameworksBuildPhase section */
		9860BA2721EE9540008E57E5 /* Frameworks */ = {
			isa = PBXFrameworksBuildPhase;
			buildActionMask = 2147483647;
			files = (
			);
			runOnlyForDeploymentPostprocessing = 0;
		};
/* End PBXFrameworksBuildPhase section */

/* Begin PBXGroup section */
		9860BA2121EE9540008E57E5 = {
			isa = PBXGroup;
			children = (
				9860BA2C21EE9540008E57E5 /* FoodViewz */,
				9860BA2B21EE9540008E57E5 /* Products */,
			);
			sourceTree = "<group>";
		};
		9860BA2B21EE9540008E57E5 /* Products */ = {
			isa = PBXGroup;
			children = (
				9860BA2A21EE9540008E57E5 /* FoodViewz.app */,
			);
			name = Products;
			sourceTree = "<group>";
		};
		9860BA2C21EE9540008E57E5 /* FoodViewz */ = {
			isa = PBXGroup;
			children = (
				9860BA4821EEA704008E57E5 /* Controller */,
				9860BA4721EEA6FB008E57E5 /* View */,
				9860BA4621EEA6F2008E57E5 /* Model */,
				9860BA2D21EE9540008E57E5 /* AppDelegate.swift */,
				9860BA3721EE9541008E57E5 /* Assets.xcassets */,
				9860BA3921EE9541008E57E5 /* LaunchScreen.storyboard */,
				9860BA3C21EE9541008E57E5 /* Info.plist */,
				98E8626F21EFD8A900D0E31D /* GoogleService-Info.plist */,
				9860BA3421EE9540008E57E5 /* FoodViewz.xcdatamodeld */,
			);
			path = FoodViewz;
			sourceTree = "<group>";
		};
		9860BA4621EEA6F2008E57E5 /* Model */ = {
			isa = PBXGroup;
			children = (
				9860BA4421EEA411008E57E5 /* CAGradientLayer+Convenience.swift */,
				9860BA4D21EEB988008E57E5 /* Segue.swift */,
			);
			path = Model;
			sourceTree = "<group>";
		};
		9860BA4721EEA6FB008E57E5 /* View */ = {
			isa = PBXGroup;
			children = (
				9860BA3121EE9540008E57E5 /* Main.storyboard */,
				98E8626D21EFD0BA00D0E31D /* Body.storyboard */,
			);
			path = View;
			sourceTree = "<group>";
		};
		9860BA4821EEA704008E57E5 /* Controller */ = {
			isa = PBXGroup;
			children = (
				9860BA2F21EE9540008E57E5 /* Onboarding1.swift */,
				9860BA4921EEA75B008E57E5 /* Onboarding2.swift */,
				9860BA4F21EEC41B008E57E5 /* Onboarding3.swift */,
				98E8626921EFB7BA00D0E31D /* LoginScreen.swift */,
				98E8626B21EFCCAB00D0E31D /* SignUpScreen.swift */,
			);
			path = Controller;
			sourceTree = "<group>";
		};
/* End PBXGroup section */

/* Begin PBXNativeTarget section */
		9860BA2921EE9540008E57E5 /* FoodViewz */ = {
			isa = PBXNativeTarget;
			buildConfigurationList = 9860BA3F21EE9541008E57E5 /* Build configuration list for PBXNativeTarget "FoodViewz" */;
			buildPhases = (
				9860BA2621EE9540008E57E5 /* Sources */,
				9860BA2721EE9540008E57E5 /* Frameworks */,
				9860BA2821EE9540008E57E5 /* Resources */,
			);
			buildRules = (
			);
			dependencies = (
			);
			name = FoodViewz;
			productName = FoodViewz;
			productReference = 9860BA2A21EE9540008E57E5 /* FoodViewz.app */;
			productType = "com.apple.product-type.application";
		};
/* End PBXNativeTarget section */

/* Begin PBXProject section */
		9860BA2221EE9540008E57E5 /* Project object */ = {
			isa = PBXProject;
			attributes = {
				LastSwiftUpdateCheck = 1010;
				LastUpgradeCheck = 1010;
				ORGANIZATIONNAME = DevelopIT;
				TargetAttributes = {
					9860BA2921EE9540008E57E5 = {
						CreatedOnToolsVersion = 10.1;
					};
				};
			};
			buildConfigurationList = 9860BA2521EE9540008E57E5 /* Build configuration list for PBXProject "FoodViewz" */;
			compatibilityVersion = "Xcode 9.3";
			developmentRegion = en;
			hasScannedForEncodings = 0;
			knownRegions = (
				en,
				Base,
			);
			mainGroup = 9860BA2121EE9540008E57E5;
			productRefGroup = 9860BA2B21EE9540008E57E5 /* Products */;
			projectDirPath = "";
			projectRoot = "";
			targets = (
				9860BA2921EE9540008E57E5 /* FoodViewz */,
			);
		};
/* End PBXProject section */

/* Begin PBXResourcesBuildPhase section */
		9860BA2821EE9540008E57E5 /* Resources */ = {
			isa = PBXResourcesBuildPhase;
			buildActionMask = 2147483647;
			files = (
				98E8626E21EFD0BA00D0E31D /* Body.storyboard in Resources */,
				9860BA3B21EE9541008E57E5 /* LaunchScreen.storyboard in Resources */,
				98E8627021EFD8A900D0E31D /* GoogleService-Info.plist in Resources */,
				9860BA3821EE9541008E57E5 /* Assets.xcassets in Resources */,
				9860BA3321EE9540008E57E5 /* Main.storyboard in Resources */,
			);
			runOnlyForDeploymentPostprocessing = 0;
		};
/* End PBXResourcesBuildPhase section */

/* Begin PBXSourcesBuildPhase section */
		9860BA2621EE9540008E57E5 /* Sources */ = {
			isa = PBXSourcesBuildPhase;
			buildActionMask = 2147483647;
			files = (
				9860BA4E21EEB988008E57E5 /* Segue.swift in Sources */,
				9860BA3021EE9540008E57E5 /* Onboarding1.swift in Sources */,
				98E8626C21EFCCAB00D0E31D /* SignUpScreen.swift in Sources */,
				9860BA4521EEA411008E57E5 /* CAGradientLayer+Convenience.swift in Sources */,
				9860BA4A21EEA75B008E57E5 /* Onboarding2.swift in Sources */,
				9860BA5021EEC41B008E57E5 /* Onboarding3.swift in Sources */,
				98E8626A21EFB7BA00D0E31D /* LoginScreen.swift in Sources */,
				9860BA2E21EE9540008E57E5 /* AppDelegate.swift in Sources */,
				9860BA3621EE9540008E57E5 /* FoodViewz.xcdatamodeld in Sources */,
			);
			runOnlyForDeploymentPostprocessing = 0;
		};
/* End PBXSourcesBuildPhase section */

/* Begin PBXVariantGroup section */
		9860BA3121EE9540008E57E5 /* Main.storyboard */ = {
			isa = PBXVariantGroup;
			children = (
				9860BA3221EE9540008E57E5 /* Base */,
			);
			name = Main.storyboard;
			sourceTree = "<group>";
		};
		9860BA3921EE9541008E57E5 /* LaunchScreen.storyboard */ = {
			isa = PBXVariantGroup;
			children = (
				9860BA3A21EE9541008E57E5 /* Base */,
			);
			name = LaunchScreen.storyboard;
			sourceTree = "<group>";
		};
/* End PBXVariantGroup section */

/* Begin XCBuildConfiguration section */
		9860BA3D21EE9541008E57E5 /* Debug */ = {
			isa = XCBuildConfiguration;
			buildSettings = {
				ALWAYS_SEARCH_USER_PATHS = NO;
				CLANG_ANALYZER_NONNULL = YES;
				CLANG_ANALYZER_NUMBER_OBJECT_CONVERSION = YES_AGGRESSIVE;
				CLANG_CXX_LANGUAGE_STANDARD = "gnu++14";
				CLANG_CXX_LIBRARY = "libc++";
				CLANG_ENABLE_MODULES = YES;
				CLANG_ENABLE_OBJC_ARC = YES;
				CLANG_ENABLE_OBJC_WEAK = YES;
				CLANG_WARN_BLOCK_CAPTURE_AUTORELEASING = YES;
				CLANG_WARN_BOOL_CONVERSION = YES;
				CLANG_WARN_COMMA = YES;
				CLANG_WARN_CONSTANT_CONVERSION = YES;
				CLANG_WARN_DEPRECATED_OBJC_IMPLEMENTATIONS = YES;
				CLANG_WARN_DIRECT_OBJC_ISA_USAGE = YES_ERROR;
				CLANG_WARN_DOCUMENTATION_COMMENTS = YES;
				CLANG_WARN_EMPTY_BODY = YES;
				CLANG_WARN_ENUM_CONVERSION = YES;
				CLANG_WARN_INFINITE_RECURSION = YES;
				CLANG_WARN_INT_CONVERSION = YES;
				CLANG_WARN_NON_LITERAL_NULL_CONVERSION = YES;
				CLANG_WARN_OBJC_IMPLICIT_RETAIN_SELF = YES;
				CLANG_WARN_OBJC_LITERAL_CONVERSION = YES;
				CLANG_WARN_OBJC_ROOT_CLASS = YES_ERROR;
				CLANG_WARN_RANGE_LOOP_ANALYSIS = YES;
				CLANG_WARN_STRICT_PROTOTYPES = YES;
				CLANG_WARN_SUSPICIOUS_MOVE = YES;
				CLANG_WARN_UNGUARDED_AVAILABILITY = YES_AGGRESSIVE;
				CLANG_WARN_UNREACHABLE_CODE = YES;
				CLANG_WARN__DUPLICATE_METHOD_MATCH = YES;
				CODE_SIGN_IDENTITY = "iPhone Developer";
				COPY_PHASE_STRIP = NO;
				DEBUG_INFORMATION_FORMAT = dwarf;
				ENABLE_STRICT_OBJC_MSGSEND = YES;
				ENABLE_TESTABILITY = YES;
				GCC_C_LANGUAGE_STANDARD = gnu11;
				GCC_DYNAMIC_NO_PIC = NO;
				GCC_NO_COMMON_BLOCKS = YES;
				GCC_OPTIMIZATION_LEVEL = 0;
				GCC_PREPROCESSOR_DEFINITIONS = (
					"DEBUG=1",
					"$(inherited)",
				);
				GCC_WARN_64_TO_32_BIT_CONVERSION = YES;
				GCC_WARN_ABOUT_RETURN_TYPE = YES_ERROR;
				GCC_WARN_UNDECLARED_SELECTOR = YES;
				GCC_WARN_UNINITIALIZED_AUTOS = YES_AGGRESSIVE;
				GCC_WARN_UNUSED_FUNCTION = YES;
				GCC_WARN_UNUSED_VARIABLE = YES;
				IPHONEOS_DEPLOYMENT_TARGET = 12.1;
				MTL_ENABLE_DEBUG_INFO = INCLUDE_SOURCE;
				MTL_FAST_MATH = YES;
				ONLY_ACTIVE_ARCH = YES;
				SDKROOT = iphoneos;
				SWIFT_ACTIVE_COMPILATION_CONDITIONS = DEBUG;
				SWIFT_OPTIMIZATION_LEVEL = "-Onone";
			};
			name = Debug;
		};
		9860BA3E21EE9541008E57E5 /* Release */ = {
			isa = XCBuildConfiguration;
			buildSettings = {
				ALWAYS_SEARCH_USER_PATHS = NO;
				CLANG_ANALYZER_NONNULL = YES;
				CLANG_ANALYZER_NUMBER_OBJECT_CONVERSION = YES_AGGRESSIVE;
				CLANG_CXX_LANGUAGE_STANDARD = "gnu++14";
				CLANG_CXX_LIBRARY = "libc++";
				CLANG_ENABLE_MODULES = YES;
				CLANG_ENABLE_OBJC_ARC = YES;
				CLANG_ENABLE_OBJC_WEAK = YES;
				CLANG_WARN_BLOCK_CAPTURE_AUTORELEASING = YES;
				CLANG_WARN_BOOL_CONVERSION = YES;
				CLANG_WARN_COMMA = YES;
				CLANG_WARN_CONSTANT_CONVERSION = YES;
				CLANG_WARN_DEPRECATED_OBJC_IMPLEMENTATIONS = YES;
				CLANG_WARN_DIRECT_OBJC_ISA_USAGE = YES_ERROR;
				CLANG_WARN_DOCUMENTATION_COMMENTS = YES;
				CLANG_WARN_EMPTY_BODY = YES;
				CLANG_WARN_ENUM_CONVERSION = YES;
				CLANG_WARN_INFINITE_RECURSION = YES;
				CLANG_WARN_INT_CONVERSION = YES;
				CLANG_WARN_NON_LITERAL_NULL_CONVERSION = YES;
				CLANG_WARN_OBJC_IMPLICIT_RETAIN_SELF = YES;
				CLANG_WARN_OBJC_LITERAL_CONVERSION = YES;
				CLANG_WARN_OBJC_ROOT_CLASS = YES_ERROR;
				CLANG_WARN_RANGE_LOOP_ANALYSIS = YES;
				CLANG_WARN_STRICT_PROTOTYPES = YES;
				CLANG_WARN_SUSPICIOUS_MOVE = YES;
				CLANG_WARN_UNGUARDED_AVAILABILITY = YES_AGGRESSIVE;
				CLANG_WARN_UNREACHABLE_CODE = YES;
				CLANG_WARN__DUPLICATE_METHOD_MATCH = YES;
				CODE_SIGN_IDENTITY = "iPhone Developer";
				COPY_PHASE_STRIP = NO;
				DEBUG_INFORMATION_FORMAT = "dwarf-with-dsym";
				ENABLE_NS_ASSERTIONS = NO;
				ENABLE_STRICT_OBJC_MSGSEND = YES;
				GCC_C_LANGUAGE_STANDARD = gnu11;
				GCC_NO_COMMON_BLOCKS = YES;
				GCC_WARN_64_TO_32_BIT_CONVERSION = YES;
				GCC_WARN_ABOUT_RETURN_TYPE = YES_ERROR;
				GCC_WARN_UNDECLARED_SELECTOR = YES;
				GCC_WARN_UNINITIALIZED_AUTOS = YES_AGGRESSIVE;
				GCC_WARN_UNUSED_FUNCTION = YES;
				GCC_WARN_UNUSED_VARIABLE = YES;
				IPHONEOS_DEPLOYMENT_TARGET = 12.1;
				MTL_ENABLE_DEBUG_INFO = NO;
				MTL_FAST_MATH = YES;
				SDKROOT = iphoneos;
				SWIFT_COMPILATION_MODE = wholemodule;
				SWIFT_OPTIMIZATION_LEVEL = "-O";
				VALIDATE_PRODUCT = YES;
			};
			name = Release;
		};
		9860BA4021EE9541008E57E5 /* Debug */ = {
			isa = XCBuildConfiguration;
			buildSettings = {
				ASSETCATALOG_COMPILER_APPICON_NAME = AppIcon;
				CODE_SIGN_STYLE = Automatic;
				DEVELOPMENT_TEAM = WP9F9KTAC7;
				INFOPLIST_FILE = FoodViewz/Info.plist;
				LD_RUNPATH_SEARCH_PATHS = (
					"$(inherited)",
					"@executable_path/Frameworks",
				);
				PRODUCT_BUNDLE_IDENTIFIER = com.developIT.FoodViewz;
				PRODUCT_NAME = "$(TARGET_NAME)";
				SWIFT_VERSION = 4.2;
				TARGETED_DEVICE_FAMILY = "1,2";
			};
			name = Debug;
		};
		9860BA4121EE9541008E57E5 /* Release */ = {
			isa = XCBuildConfiguration;
			buildSettings = {
				ASSETCATALOG_COMPILER_APPICON_NAME = AppIcon;
				CODE_SIGN_STYLE = Automatic;
				DEVELOPMENT_TEAM = WP9F9KTAC7;
				INFOPLIST_FILE = FoodViewz/Info.plist;
				LD_RUNPATH_SEARCH_PATHS = (
					"$(inherited)",
					"@executable_path/Frameworks",
				);
				PRODUCT_BUNDLE_IDENTIFIER = com.developIT.FoodViewz;
				PRODUCT_NAME = "$(TARGET_NAME)";
				SWIFT_VERSION = 4.2;
				TARGETED_DEVICE_FAMILY = "1,2";
			};
			name = Release;
		};
/* End XCBuildConfiguration section */

/* Begin XCConfigurationList section */
		9860BA2521EE9540008E57E5 /* Build configuration list for PBXProject "FoodViewz" */ = {
			isa = XCConfigurationList;
			buildConfigurations = (
				9860BA3D21EE9541008E57E5 /* Debug */,
				9860BA3E21EE9541008E57E5 /* Release */,
			);
			defaultConfigurationIsVisible = 0;
			defaultConfigurationName = Release;
		};
		9860BA3F21EE9541008E57E5 /* Build configuration list for PBXNativeTarget "FoodViewz" */ = {
			isa = XCConfigurationList;
			buildConfigurations = (
				9860BA4021EE9541008E57E5 /* Debug */,
				9860BA4121EE9541008E57E5 /* Release */,
			);
			defaultConfigurationIsVisible = 0;
			defaultConfigurationName = Release;
		};
/* End XCConfigurationList section */

/* Begin XCVersionGroup section */
		9860BA3421EE9540008E57E5 /* FoodViewz.xcdatamodeld */ = {
			isa = XCVersionGroup;
			children = (
				9860BA3521EE9540008E57E5 /* FoodViewz.xcdatamodel */,
			);
			currentVersion = 9860BA3521EE9540008E57E5 /* FoodViewz.xcdatamodel */;
			path = FoodViewz.xcdatamodeld;
			sourceTree = "<group>";
			versionGroupType = wrapper.xcdatamodel;
		};
/* End XCVersionGroup section */
	};
	rootObject = 9860BA2221EE9540008E57E5 /* Project object */;
}
